{
  "version": "2",
  "remote": {
    "https://cdn.jsdelivr.net/npm/luxon@3.3.0/+esm": "3520b1d16b3d49aa2b5d73ec8b121636fd8a6f80cb3a64aefa07c2e13aeba261",
    "https://deno.land/x/python@0.2.5/mod.ts": "36292020f3a7e8c9774d5de7fe32e261b3b5ddfbb6689a78bb499014d40baa82",
    "https://deno.land/x/python@0.2.5/src/ffi.ts": "507237560989233ea5594c64c94425017025e5740891c242bf3c1b818e4531a7",
    "https://deno.land/x/python@0.2.5/src/python.ts": "98e40258cf5f190b6eeadeafe1992447ca7d8dbc5624638034148bb1d6b936cb",
    "https://deno.land/x/python@0.2.5/src/symbols.ts": "2c87cb1a468bea2e36df21c015232d49cf019e12ecd96a53069d9fa26dd60503",
    "https://deno.land/x/python@0.2.5/src/util.ts": "440bd1d13558c2a826df60f98d8448abe57e40949d91fd73a9a81f10708547ef",
    "https://esm.sh/luxon@3.3.0": "ef6e4f02c55157548c430178a19d728b7cd884c22cf4335ad3e3c3951c9f786f",
    "https://esm.sh/v129/luxon@3.3.0/denonext/luxon.mjs": "524a57771f9aef39e35d2f8438081beaf821831a7dedd3592a96e3fb04ed8ca4"
  },
  "npm": {
    "specifiers": {
      "@js-temporal/polyfill": "@js-temporal/polyfill@0.4.4",
      "big.js": "big.js@6.2.1",
      "luxon": "luxon@3.3.0"
    },
    "packages": {
      "@js-temporal/polyfill@0.4.4": {
        "integrity": "sha512-2X6bvghJ/JAoZO52lbgyAPFj8uCflhTo2g7nkFzEQdXd/D8rEeD4HtmTEpmtGCva260fcd66YNXBOYdnmHqSOg==",
        "dependencies": {
          "jsbi": "jsbi@4.3.0",
          "tslib": "tslib@2.6.0"
        }
      },
      "big.js@6.2.1": {
        "integrity": "sha512-bCtHMwL9LeDIozFn+oNhhFoq+yQ3BNdnsLSASUxLciOb1vgvpHsIO1dsENiGMgbb4SkP5TrzWzRiLddn8ahVOQ==",
        "dependencies": {}
      },
      "jsbi@4.3.0": {
        "integrity": "sha512-SnZNcinB4RIcnEyZqFPdGPVgrg2AcnykiBy0sHVJQKHYeaLUvi3Exj+iaPpLnFVkDPZIV4U0yvgC9/R4uEAZ9g==",
        "dependencies": {}
      },
      "luxon@3.3.0": {
        "integrity": "sha512-An0UCfG/rSiqtAIiBPO0Y9/zAnHUZxAMiCpTd5h2smgsj7GGmcenvrvww2cqNA8/4A5ZrD1gJpHN2mIHZQF+Mg==",
        "dependencies": {}
      },
      "tslib@2.6.0": {
        "integrity": "sha512-7At1WUettjcSRHXCyYtTselblcHl9PJFFVKiCAy/bY97+BPZXSQ2wbq0P9s8tK2G7dFQfNnlJnPAiArVBVBsfA==",
        "dependencies": {}
      }
    }
  }
}
